dependencies:
- name: flux2
  repository: https://fluxcd-community.github.io/helm-charts
  version: 2.14.0
- name: cert-manager
  repository: https://charts.jetstack.io
  version: v1.16.1
- name: cluster-api-operator
  repository: https://kubernetes-sigs.github.io/cluster-api-operator
  version: 0.14.0
digest: sha256:55fababfa5c61d84122f9a80d3e420a9cd29920fb344d017770109727457d993
generated: "2024-10-17T14:14:48.728483+07:00"
