dependencies:
- name: flux2
  repository: https://fluxcd-community.github.io/helm-charts
  version: 2.14.0
- name: cert-manager
  repository: https://charts.jetstack.io
  version: v1.16.1
- name: cluster-api-operator
  repository: https://kubernetes-sigs.github.io/cluster-api-operator
  version: 0.15.0
digest: sha256:b528c980defd561d5388eefba87c925173d56f92e5022e95de13cc3b3fba8dac
generated: "2024-12-19T18:03:30.678381+07:00"
