dependencies:
- name: flux2
  repository: https://fluxcd-community.github.io/helm-charts
  version: 2.14.0
- name: cert-manager
  repository: https://charts.jetstack.io
  version: v1.16.1
- name: cluster-api-operator
  repository: https://kubernetes-sigs.github.io/cluster-api-operator
  version: 0.15.1
digest: sha256:ba894e71230268164bfcd65813ac700776cc7da1603fd68522cdedd543468d97
generated: "2024-12-30T09:28:33.584882+07:00"
