dependencies:
- name: flux2
  repository: https://fluxcd-community.github.io/helm-charts
  version: 2.13.0
- name: cert-manager
  repository: https://charts.jetstack.io
  version: v1.15.1
- name: cluster-api-operator
  repository: https://kubernetes-sigs.github.io/cluster-api-operator
  version: 0.12.0
digest: sha256:f29162745d3dd876c3e35689b6771faa7b66d5f91c0ac532c28db580deadf218
generated: "2024-08-21T19:47:21.00915+04:00"
