dependencies:
- name: flux2
  repository: https://fluxcd-community.github.io/helm-charts
  version: 2.13.0
- name: cert-manager
  repository: https://charts.jetstack.io
  version: v1.15.1
digest: sha256:e998d4cd0f123e81e1bb431baad60d6589334ec32fdf28b9cd4f47708d997cd1
generated: "2024-07-12T14:51:34.637965+04:00"
